
Microsoft Visual Studio Solution File, Format Version 12.00
# Visual Studio 15
VisualStudioVersion = 15.0.28307.902
MinimumVisualStudioVersion = 10.0.40219.1
Project("{8BC9CEB8-8B4A-11D0-8D11-00A0C91BC942}") = "停车场管理系统", "停车场管理系统\停车场管理系统.vcxproj", "{9741F072-A3C4-43C2-B9AC-00DF4385C53B}"
EndProject
Global
	GlobalSection(SolutionConfigurationPlatforms) = preSolution
		Debug|x64 = Debug|x64
		Debug|x86 = Debug|x86
		Release|x64 = Release|x64
		Release|x86 = Release|x86
	EndGlobalSection
	GlobalSection(ProjectConfigurationPlatforms) = postSolution
		{9741F072-A3C4-43C2-B9AC-00DF4385C53B}.Debug|x64.ActiveCfg = Debug|x64
		{9741F072-A3C4-43C2-B9AC-00DF4385C53B}.Debug|x64.Build.0 = Debug|x64
		{9741F072-A3C4-43C2-B9AC-00DF4385C53B}.Debug|x86.ActiveCfg = Debug|Win32
		{9741F072-A3C4-43C2-B9AC-00DF4385C53B}.Debug|x86.Build.0 = Debug|Win32
		{9741F072-A3C4-43C2-B9AC-00DF4385C53B}.Release|x64.ActiveCfg = Release|x64
		{9741F072-A3C4-43C2-B9AC-00DF4385C53B}.Release|x64.Build.0 = Release|x64
		{9741F072-A3C4-43C2-B9AC-00DF4385C53B}.Release|x86.ActiveCfg = Release|Win32
		{9741F072-A3C4-43C2-B9AC-00DF4385C53B}.Release|x86.Build.0 = Release|Win32
	EndGlobalSection
	GlobalSection(SolutionProperties) = preSolution
		HideSolutionNode = FALSE
	EndGlobalSection
	GlobalSection(ExtensibilityGlobals) = postSolution
		SolutionGuid = {9EFFC65D-69BB-459E-8EFA-D4515F797455}
	EndGlobalSection
EndGlobal
