
Microsoft Visual Studio Solution File, Format Version 12.00
# Visual Studio 15
VisualStudioVersion = 15.0.28307.902
MinimumVisualStudioVersion = 10.0.40219.1
Project("{8BC9CEB8-8B4A-11D0-8D11-00A0C91BC942}") = "BinTree", "BinTree\BinTree.vcxproj", "{E0B2CD6B-9FBC-4E00-8413-055FBB6020E5}"
EndProject
Global
	GlobalSection(SolutionConfigurationPlatforms) = preSolution
		Debug|x64 = Debug|x64
		Debug|x86 = Debug|x86
		Release|x64 = Release|x64
		Release|x86 = Release|x86
	EndGlobalSection
	GlobalSection(ProjectConfigurationPlatforms) = postSolution
		{E0B2CD6B-9FBC-4E00-8413-055FBB6020E5}.Debug|x64.ActiveCfg = Debug|x64
		{E0B2CD6B-9FBC-4E00-8413-055FBB6020E5}.Debug|x64.Build.0 = Debug|x64
		{E0B2CD6B-9FBC-4E00-8413-055FBB6020E5}.Debug|x86.ActiveCfg = Debug|Win32
		{E0B2CD6B-9FBC-4E00-8413-055FBB6020E5}.Debug|x86.Build.0 = Debug|Win32
		{E0B2CD6B-9FBC-4E00-8413-055FBB6020E5}.Release|x64.ActiveCfg = Release|x64
		{E0B2CD6B-9FBC-4E00-8413-055FBB6020E5}.Release|x64.Build.0 = Release|x64
		{E0B2CD6B-9FBC-4E00-8413-055FBB6020E5}.Release|x86.ActiveCfg = Release|Win32
		{E0B2CD6B-9FBC-4E00-8413-055FBB6020E5}.Release|x86.Build.0 = Release|Win32
	EndGlobalSection
	GlobalSection(SolutionProperties) = preSolution
		HideSolutionNode = FALSE
	EndGlobalSection
	GlobalSection(ExtensibilityGlobals) = postSolution
		SolutionGuid = {F469D2D6-7E37-4DFE-8713-971ECC5A1F57}
	EndGlobalSection
EndGlobal
